
Microsoft Visual Studio Solution File, Format Version 12.00
# Visual Studio Version 17
VisualStudioVersion = 17.10.35004.147
MinimumVisualStudioVersion = 10.0.40219.1
Project("{FAE04EC0-301F-11D3-BF4B-00C04F79EFBC}") = "Templates", "Templates\Templates.csproj", "{01F32BCC-CFD4-4927-AD19-BE1D47E0BF4B}"
EndProject
Global
	GlobalSection(SolutionConfigurationPlatforms) = preSolution
		Debug|Any CPU = Debug|Any CPU
		Release|Any CPU = Release|Any CPU
	EndGlobalSection
	GlobalSection(ProjectConfigurationPlatforms) = postSolution
		{01F32BCC-CFD4-4927-AD19-BE1D47E0BF4B}.Debug|Any CPU.ActiveCfg = Debug|Any CPU
		{01F32BCC-CFD4-4927-AD19-BE1D47E0BF4B}.Debug|Any CPU.Build.0 = Debug|Any CPU
		{01F32BCC-CFD4-4927-AD19-BE1D47E0BF4B}.Release|Any CPU.ActiveCfg = Release|Any CPU
		{01F32BCC-CFD4-4927-AD19-BE1D47E0BF4B}.Release|Any CPU.Build.0 = Release|Any CPU
	EndGlobalSection
	GlobalSection(SolutionProperties) = preSolution
		HideSolutionNode = FALSE
	EndGlobalSection
	GlobalSection(ExtensibilityGlobals) = postSolution
		SolutionGuid = {655553DB-A0A6-4B05-A78F-498A4C41CA7D}
	EndGlobalSection
EndGlobal
